// !$*UTF8*$!
{
	archiveVersion = 1;
	classes = {
	};
	objectVersion = 48;
	objects = {

/* Begin PBXBuildFile section */
		606D18D31F979E74006BE72B /* AppDelegate.swift in Sources */ = {isa = PBXBuildFile; fileRef = 606D18D21F979E74006BE72B /* AppDelegate.swift */; };
		606D18D51F979E74006BE72B /* ViewController.swift in Sources */ = {isa = PBXBuildFile; fileRef = 606D18D41F979E74006BE72B /* ViewController.swift */; };
		606D18D81F979E74006BE72B /* Main.storyboard in Resources */ = {isa = PBXBuildFile; fileRef = 606D18D61F979E74006BE72B /* Main.storyboard */; };
		606D18DA1F979E74006BE72B /* Assets.xcassets in Resources */ = {isa = PBXBuildFile; fileRef = 606D18D91F979E74006BE72B /* Assets.xcassets */; };
		606D18DD1F979E74006BE72B /* LaunchScreen.storyboard in Resources */ = {isa = PBXBuildFile; fileRef = 606D18DB1F979E74006BE72B /* LaunchScreen.storyboard */; };
		606D18E51F979F9B006BE72B /* pergjigja.wav in Resources */ = {isa = PBXBuildFile; fileRef = 606D18E41F979F8C006BE72B /* pergjigja.wav */; };
/* End PBXBuildFile section */

/* Begin PBXFileReference section */
		606D18CF1F979E74006BE72B /* TopiMagjik.app */ = {isa = PBXFileReference; explicitFileType = wrapper.application; includeInIndex = 0; path = TopiMagjik.app; sourceTree = BUILT_PRODUCTS_DIR; };
		606D18D21F979E74006BE72B /* AppDelegate.swift */ = {isa = PBXFileReference; lastKnownFileType = sourcecode.swift; path = AppDelegate.swift; sourceTree = "<group>"; };
		606D18D41F979E74006BE72B /* ViewController.swift */ = {isa = PBXFileReference; lastKnownFileType = sourcecode.swift; path = ViewController.swift; sourceTree = "<group>"; };
		606D18D71F979E74006BE72B /* Base */ = {isa = PBXFileReference; lastKnownFileType = file.storyboard; name = Base; path = Base.lproj/Main.storyboard; sourceTree = "<group>"; };
		606D18D91F979E74006BE72B /* Assets.xcassets */ = {isa = PBXFileReference; lastKnownFileType = folder.assetcatalog; path = Assets.xcassets; sourceTree = "<group>"; };
		606D18DC1F979E74006BE72B /* Base */ = {isa = PBXFileReference; lastKnownFileType = file.storyboard; name = Base; path = Base.lproj/LaunchScreen.storyboard; sourceTree = "<group>"; };
		606D18DE1F979E74006BE72B /* Info.plist */ = {isa = PBXFileReference; lastKnownFileType = text.plist.xml; path = Info.plist; sourceTree = "<group>"; };
		606D18E41F979F8C006BE72B /* pergjigja.wav */ = {isa = PBXFileReference; lastKnownFileType = audio.wav; path = pergjigja.wav; sourceTree = "<group>"; };
/* End PBXFileReference section */

/* Begin PBXFrameworksBuildPhase section */
		606D18CC1F979E73006BE72B /* Frameworks */ = {
			isa = PBXFrameworksBuildPhase;
			buildActionMask = 2147483647;
			files = (
			);
			runOnlyForDeploymentPostprocessing = 0;
		};
/* End PBXFrameworksBuildPhase section */

/* Begin PBXGroup section */
		606D18C61F979E73006BE72B = {
			isa = PBXGroup;
			children = (
				606D18D11F979E74006BE72B /* TopiMagjik */,
				606D18D01F979E74006BE72B /* Products */,
			);
			sourceTree = "<group>";
		};
		606D18D01F979E74006BE72B /* Products */ = {
			isa = PBXGroup;
			children = (
				606D18CF1F979E74006BE72B /* TopiMagjik.app */,
			);
			name = Products;
			sourceTree = "<group>";
		};
		606D18D11F979E74006BE72B /* TopiMagjik */ = {
			isa = PBXGroup;
			children = (
				606D18E41F979F8C006BE72B /* pergjigja.wav */,
				606D18D21F979E74006BE72B /* AppDelegate.swift */,
				606D18D41F979E74006BE72B /* ViewController.swift */,
				606D18D61F979E74006BE72B /* Main.storyboard */,
				606D18D91F979E74006BE72B /* Assets.xcassets */,
				606D18DB1F979E74006BE72B /* LaunchScreen.storyboard */,
				606D18DE1F979E74006BE72B /* Info.plist */,
			);
			path = TopiMagjik;
			sourceTree = "<group>";
		};
/* End PBXGroup section */

/* Begin PBXNativeTarget section */
		606D18CE1F979E73006BE72B /* TopiMagjik */ = {
			isa = PBXNativeTarget;
			buildConfigurationList = 606D18E11F979E74006BE72B /* Build configuration list for PBXNativeTarget "TopiMagjik" */;
			buildPhases = (
				606D18CB1F979E73006BE72B /* Sources */,
				606D18CC1F979E73006BE72B /* Frameworks */,
				606D18CD1F979E73006BE72B /* Resources */,
			);
			buildRules = (
			);
			dependencies = (
			);
			name = TopiMagjik;
			productName = TopiMagjik;
			productReference = 606D18CF1F979E74006BE72B /* TopiMagjik.app */;
			productType = "com.apple.product-type.application";
		};
/* End PBXNativeTarget section */

/* Begin PBXProject section */
		606D18C71F979E73006BE72B /* Project object */ = {
			isa = PBXProject;
			attributes = {
				LastSwiftUpdateCheck = 0900;
				LastUpgradeCheck = 0900;
				ORGANIZATIONNAME = ICK;
				TargetAttributes = {
					606D18CE1F979E73006BE72B = {
						CreatedOnToolsVersion = 9.0;
						ProvisioningStyle = Automatic;
					};
				};
			};
			buildConfigurationList = 606D18CA1F979E73006BE72B /* Build configuration list for PBXProject "TopiMagjik" */;
			compatibilityVersion = "Xcode 8.0";
			developmentRegion = en;
			hasScannedForEncodings = 0;
			knownRegions = (
				en,
				Base,
			);
			mainGroup = 606D18C61F979E73006BE72B;
			productRefGroup = 606D18D01F979E74006BE72B /* Products */;
			projectDirPath = "";
			projectRoot = "";
			targets = (
				606D18CE1F979E73006BE72B /* TopiMagjik */,
			);
		};
/* End PBXProject section */

/* Begin PBXResourcesBuildPhase section */
		606D18CD1F979E73006BE72B /* Resources */ = {
			isa = PBXResourcesBuildPhase;
			buildActionMask = 2147483647;
			files = (
				606D18E51F979F9B006BE72B /* pergjigja.wav in Resources */,
				606D18DD1F979E74006BE72B /* LaunchScreen.storyboard in Resources */,
				606D18DA1F979E74006BE72B /* Assets.xcassets in Resources */,
				606D18D81F979E74006BE72B /* Main.storyboard in Resources */,
			);
			runOnlyForDeploymentPostprocessing = 0;
		};
/* End PBXResourcesBuildPhase section */

/* Begin PBXSourcesBuildPhase section */
		606D18CB1F979E73006BE72B /* Sources */ = {
			isa = PBXSourcesBuildPhase;
			buildActionMask = 2147483647;
			files = (
				606D18D51F979E74006BE72B /* ViewController.swift in Sources */,
				606D18D31F979E74006BE72B /* AppDelegate.swift in Sources */,
			);
			runOnlyForDeploymentPostprocessing = 0;
		};
/* End PBXSourcesBuildPhase section */

/* Begin PBXVariantGroup section */
		606D18D61F979E74006BE72B /* Main.storyboard */ = {
			isa = PBXVariantGroup;
			children = (
				606D18D71F979E74006BE72B /* Base */,
			);
			name = Main.storyboard;
			sourceTree = "<group>";
		};
		606D18DB1F979E74006BE72B /* LaunchScreen.storyboard */ = {
			isa = PBXVariantGroup;
			children = (
				606D18DC1F979E74006BE72B /* Base */,
			);
			name = LaunchScreen.storyboard;
			sourceTree = "<group>";
		};
/* End PBXVariantGroup section */

/* Begin XCBuildConfiguration section */
		606D18DF1F979E74006BE72B /* Debug */ = {
			isa = XCBuildConfiguration;
			buildSettings = {
				ALWAYS_SEARCH_USER_PATHS = NO;
				CLANG_ANALYZER_NONNULL = YES;
				CLANG_ANALYZER_NUMBER_OBJECT_CONVERSION = YES_AGGRESSIVE;
				CLANG_CXX_LANGUAGE_STANDARD = "gnu++14";
				CLANG_CXX_LIBRARY = "libc++";
				CLANG_ENABLE_MODULES = YES;
				CLANG_ENABLE_OBJC_ARC = YES;
				CLANG_WARN_BLOCK_CAPTURE_AUTORELEASING = YES;
				CLANG_WARN_BOOL_CONVERSION = YES;
				CLANG_WARN_COMMA = YES;
				CLANG_WARN_CONSTANT_CONVERSION = YES;
				CLANG_WARN_DIRECT_OBJC_ISA_USAGE = YES_ERROR;
				CLANG_WARN_DOCUMENTATION_COMMENTS = YES;
				CLANG_WARN_EMPTY_BODY = YES;
				CLANG_WARN_ENUM_CONVERSION = YES;
				CLANG_WARN_INFINITE_RECURSION = YES;
				CLANG_WARN_INT_CONVERSION = YES;
				CLANG_WARN_NON_LITERAL_NULL_CONVERSION = YES;
				CLANG_WARN_OBJC_LITERAL_CONVERSION = YES;
				CLANG_WARN_OBJC_ROOT_CLASS = YES_ERROR;
				CLANG_WARN_RANGE_LOOP_ANALYSIS = YES;
				CLANG_WARN_STRICT_PROTOTYPES = YES;
				CLANG_WARN_SUSPICIOUS_MOVE = YES;
				CLANG_WARN_UNGUARDED_AVAILABILITY = YES_AGGRESSIVE;
				CLANG_WARN_UNREACHABLE_CODE = YES;
				CLANG_WARN__DUPLICATE_METHOD_MATCH = YES;
				CODE_SIGN_IDENTITY = "iPhone Developer";
				COPY_PHASE_STRIP = NO;
				DEBUG_INFORMATION_FORMAT = dwarf;
				ENABLE_STRICT_OBJC_MSGSEND = YES;
				ENABLE_TESTABILITY = YES;
				GCC_C_LANGUAGE_STANDARD = gnu11;
				GCC_DYNAMIC_NO_PIC = NO;
				GCC_NO_COMMON_BLOCKS = YES;
				GCC_OPTIMIZATION_LEVEL = 0;
				GCC_PREPROCESSOR_DEFINITIONS = (
					"DEBUG=1",
					"$(inherited)",
				);
				GCC_WARN_64_TO_32_BIT_CONVERSION = YES;
				GCC_WARN_ABOUT_RETURN_TYPE = YES_ERROR;
				GCC_WARN_UNDECLARED_SELECTOR = YES;
				GCC_WARN_UNINITIALIZED_AUTOS = YES_AGGRESSIVE;
				GCC_WARN_UNUSED_FUNCTION = YES;
				GCC_WARN_UNUSED_VARIABLE = YES;
				IPHONEOS_DEPLOYMENT_TARGET = 11.0;
				MTL_ENABLE_DEBUG_INFO = YES;
				ONLY_ACTIVE_ARCH = YES;
				SDKROOT = iphoneos;
				SWIFT_ACTIVE_COMPILATION_CONDITIONS = DEBUG;
				SWIFT_OPTIMIZATION_LEVEL = "-Onone";
			};
			name = Debug;
		};
		606D18E01F979E74006BE72B /* Release */ = {
			isa = XCBuildConfiguration;
			buildSettings = {
				ALWAYS_SEARCH_USER_PATHS = NO;
				CLANG_ANALYZER_NONNULL = YES;
				CLANG_ANALYZER_NUMBER_OBJECT_CONVERSION = YES_AGGRESSIVE;
				CLANG_CXX_LANGUAGE_STANDARD = "gnu++14";
				CLANG_CXX_LIBRARY = "libc++";
				CLANG_ENABLE_MODULES = YES;
				CLANG_ENABLE_OBJC_ARC = YES;
				CLANG_WARN_BLOCK_CAPTURE_AUTORELEASING = YES;
				CLANG_WARN_BOOL_CONVERSION = YES;
				CLANG_WARN_COMMA = YES;
				CLANG_WARN_CONSTANT_CONVERSION = YES;
				CLANG_WARN_DIRECT_OBJC_ISA_USAGE = YES_ERROR;
				CLANG_WARN_DOCUMENTATION_COMMENTS = YES;
				CLANG_WARN_EMPTY_BODY = YES;
				CLANG_WARN_ENUM_CONVERSION = YES;
				CLANG_WARN_INFINITE_RECURSION = YES;
				CLANG_WARN_INT_CONVERSION = YES;
				CLANG_WARN_NON_LITERAL_NULL_CONVERSION = YES;
				CLANG_WARN_OBJC_LITERAL_CONVERSION = YES;
				CLANG_WARN_OBJC_ROOT_CLASS = YES_ERROR;
				CLANG_WARN_RANGE_LOOP_ANALYSIS = YES;
				CLANG_WARN_STRICT_PROTOTYPES = YES;
				CLANG_WARN_SUSPICIOUS_MOVE = YES;
				CLANG_WARN_UNGUARDED_AVAILABILITY = YES_AGGRESSIVE;
				CLANG_WARN_UNREACHABLE_CODE = YES;
				CLANG_WARN__DUPLICATE_METHOD_MATCH = YES;
				CODE_SIGN_IDENTITY = "iPhone Developer";
				COPY_PHASE_STRIP = NO;
				DEBUG_INFORMATION_FORMAT = "dwarf-with-dsym";
				ENABLE_NS_ASSERTIONS = NO;
				ENABLE_STRICT_OBJC_MSGSEND = YES;
				GCC_C_LANGUAGE_STANDARD = gnu11;
				GCC_NO_COMMON_BLOCKS = YES;
				GCC_WARN_64_TO_32_BIT_CONVERSION = YES;
				GCC_WARN_ABOUT_RETURN_TYPE = YES_ERROR;
				GCC_WARN_UNDECLARED_SELECTOR = YES;
				GCC_WARN_UNINITIALIZED_AUTOS = YES_AGGRESSIVE;
				GCC_WARN_UNUSED_FUNCTION = YES;
				GCC_WARN_UNUSED_VARIABLE = YES;
				IPHONEOS_DEPLOYMENT_TARGET = 11.0;
				MTL_ENABLE_DEBUG_INFO = NO;
				SDKROOT = iphoneos;
				SWIFT_OPTIMIZATION_LEVEL = "-Owholemodule";
				VALIDATE_PRODUCT = YES;
			};
			name = Release;
		};
		606D18E21F979E74006BE72B /* Debug */ = {
			isa = XCBuildConfiguration;
			buildSettings = {
				ASSETCATALOG_COMPILER_APPICON_NAME = AppIcon;
				CODE_SIGN_STYLE = Automatic;
				INFOPLIST_FILE = TopiMagjik/Info.plist;
				LD_RUNPATH_SEARCH_PATHS = "$(inherited) @executable_path/Frameworks";
				PRODUCT_BUNDLE_IDENTIFIER = com.anesa.TopiMagjik;
				PRODUCT_NAME = "$(TARGET_NAME)";
				SWIFT_VERSION = 4.0;
				TARGETED_DEVICE_FAMILY = "1,2";
			};
			name = Debug;
		};
		606D18E31F979E74006BE72B /* Release */ = {
			isa = XCBuildConfiguration;
			buildSettings = {
				ASSETCATALOG_COMPILER_APPICON_NAME = AppIcon;
				CODE_SIGN_STYLE = Automatic;
				INFOPLIST_FILE = TopiMagjik/Info.plist;
				LD_RUNPATH_SEARCH_PATHS = "$(inherited) @executable_path/Frameworks";
				PRODUCT_BUNDLE_IDENTIFIER = com.anesa.TopiMagjik;
				PRODUCT_NAME = "$(TARGET_NAME)";
				SWIFT_VERSION = 4.0;
				TARGETED_DEVICE_FAMILY = "1,2";
			};
			name = Release;
		};
/* End XCBuildConfiguration section */

/* Begin XCConfigurationList section */
		606D18CA1F979E73006BE72B /* Build configuration list for PBXProject "TopiMagjik" */ = {
			isa = XCConfigurationList;
			buildConfigurations = (
				606D18DF1F979E74006BE72B /* Debug */,
				606D18E01F979E74006BE72B /* Release */,
			);
			defaultConfigurationIsVisible = 0;
			defaultConfigurationName = Release;
		};
		606D18E11F979E74006BE72B /* Build configuration list for PBXNativeTarget "TopiMagjik" */ = {
			isa = XCConfigurationList;
			buildConfigurations = (
				606D18E21F979E74006BE72B /* Debug */,
				606D18E31F979E74006BE72B /* Release */,
			);
			defaultConfigurationIsVisible = 0;
			defaultConfigurationName = Release;
		};
/* End XCConfigurationList section */
	};
	rootObject = 606D18C71F979E73006BE72B /* Project object */;
}
